
Microsoft Visual Studio Solution File, Format Version 12.00
# Visual Studio Version 16
VisualStudioVersion = 16.0.29613.14
MinimumVisualStudioVersion = 10.0.40219.1
Project("{FAE04EC0-301F-11D3-BF4B-00C04F79EFBC}") = "Sortering Algortimer", "Sortering Algortimer\Sortering Algortimer.csproj", "{B852F5AE-A7B7-42E3-AC75-01449B8CA3F4}"
EndProject
Global
	GlobalSection(SolutionConfigurationPlatforms) = preSolution
		Debug|Any CPU = Debug|Any CPU
		Release|Any CPU = Release|Any CPU
	EndGlobalSection
	GlobalSection(ProjectConfigurationPlatforms) = postSolution
		{B852F5AE-A7B7-42E3-AC75-01449B8CA3F4}.Debug|Any CPU.ActiveCfg = Debug|Any CPU
		{B852F5AE-A7B7-42E3-AC75-01449B8CA3F4}.Debug|Any CPU.Build.0 = Debug|Any CPU
		{B852F5AE-A7B7-42E3-AC75-01449B8CA3F4}.Release|Any CPU.ActiveCfg = Release|Any CPU
		{B852F5AE-A7B7-42E3-AC75-01449B8CA3F4}.Release|Any CPU.Build.0 = Release|Any CPU
	EndGlobalSection
	GlobalSection(SolutionProperties) = preSolution
		HideSolutionNode = FALSE
	EndGlobalSection
	GlobalSection(ExtensibilityGlobals) = postSolution
		SolutionGuid = {E6D752A4-570A-48E3-A079-00C4AFEF6AE2}
	EndGlobalSection
EndGlobal
